
Microsoft Visual Studio Solution File, Format Version 12.00
# Visual Studio Version 16
VisualStudioVersion = 16.0.29306.81
MinimumVisualStudioVersion = 10.0.40219.1
Project("{8BC9CEB8-8B4A-11D0-8D11-00A0C91BC942}") = "game_project", "game_project.vcxproj", "{AB999660-4D0F-44EC-B1D1-FA5DFCE85AF8}"
EndProject
Global
	GlobalSection(SolutionConfigurationPlatforms) = preSolution
		Debug|x64 = Debug|x64
		Debug|x86 = Debug|x86
		Release|x64 = Release|x64
		Release|x86 = Release|x86
	EndGlobalSection
	GlobalSection(ProjectConfigurationPlatforms) = postSolution
		{AB999660-4D0F-44EC-B1D1-FA5DFCE85AF8}.Debug|x64.ActiveCfg = Debug|x64
		{AB999660-4D0F-44EC-B1D1-FA5DFCE85AF8}.Debug|x64.Build.0 = Debug|x64
		{AB999660-4D0F-44EC-B1D1-FA5DFCE85AF8}.Debug|x86.ActiveCfg = Debug|Win32
		{AB999660-4D0F-44EC-B1D1-FA5DFCE85AF8}.Debug|x86.Build.0 = Debug|Win32
		{AB999660-4D0F-44EC-B1D1-FA5DFCE85AF8}.Release|x64.ActiveCfg = Release|x64
		{AB999660-4D0F-44EC-B1D1-FA5DFCE85AF8}.Release|x64.Build.0 = Release|x64
		{AB999660-4D0F-44EC-B1D1-FA5DFCE85AF8}.Release|x86.ActiveCfg = Release|Win32
		{AB999660-4D0F-44EC-B1D1-FA5DFCE85AF8}.Release|x86.Build.0 = Release|Win32
	EndGlobalSection
	GlobalSection(SolutionProperties) = preSolution
		HideSolutionNode = FALSE
	EndGlobalSection
	GlobalSection(ExtensibilityGlobals) = postSolution
		SolutionGuid = {A8964019-51A4-4F92-8977-ABB066DC33FD}
	EndGlobalSection
EndGlobal
